
Microsoft Visual Studio Solution File, Format Version 12.00
# Visual Studio Version 17
VisualStudioVersion = 17.4.33213.308
MinimumVisualStudioVersion = 10.0.40219.1
Project("{FAE04EC0-301F-11D3-BF4B-00C04F79EFBC}") = "ComponentInteraction", "ComponentInteraction\ComponentInteraction.csproj", "{B738FCDE-02CC-4FBB-8453-6C3D005F30C3}"
EndProject
Global
	GlobalSection(SolutionConfigurationPlatforms) = preSolution
		Debug|Any CPU = Debug|Any CPU
		Release|Any CPU = Release|Any CPU
	EndGlobalSection
	GlobalSection(ProjectConfigurationPlatforms) = postSolution
		{B738FCDE-02CC-4FBB-8453-6C3D005F30C3}.Debug|Any CPU.ActiveCfg = Debug|Any CPU
		{B738FCDE-02CC-4FBB-8453-6C3D005F30C3}.Debug|Any CPU.Build.0 = Debug|Any CPU
		{B738FCDE-02CC-4FBB-8453-6C3D005F30C3}.Release|Any CPU.ActiveCfg = Release|Any CPU
		{B738FCDE-02CC-4FBB-8453-6C3D005F30C3}.Release|Any CPU.Build.0 = Release|Any CPU
	EndGlobalSection
	GlobalSection(SolutionProperties) = preSolution
		HideSolutionNode = FALSE
	EndGlobalSection
	GlobalSection(ExtensibilityGlobals) = postSolution
		SolutionGuid = {ED8E33CE-7452-4F94-BA43-EA6BE2AA8C40}
	EndGlobalSection
EndGlobal
